version: 6
environments:
  default:
    channels:
    - url: https://conda.anaconda.org/conda-forge/
    packages:
      linux-64:
      - conda: https://conda.anaconda.org/conda-forge/linux-64/_libgcc_mutex-0.1-conda_forge.tar.bz2
      - conda: https://conda.anaconda.org/conda-forge/linux-64/_openmp_mutex-4.5-2_gnu.tar.bz2
      - conda: https://conda.anaconda.org/conda-forge/noarch/annotated-types-0.7.0-pyhd8ed1ab_1.conda
      - conda: https://conda.anaconda.org/conda-forge/noarch/attrs-25.3.0-pyh71513ae_0.conda
      - conda: https://conda.anaconda.org/conda-forge/noarch/blinker-1.9.0-pyhff2d567_0.conda
      - conda: https://conda.anaconda.org/conda-forge/linux-64/brotli-python-1.1.0-py312h2ec8cdc_2.conda
      - conda: https://conda.anaconda.org/conda-forge/linux-64/bzip2-1.0.8-h4bc722e_7.conda
      - conda: https://conda.anaconda.org/conda-forge/linux-64/ca-certificates-2025.1.31-hbcca054_0.conda
      - conda: https://conda.anaconda.org/conda-forge/noarch/certifi-2025.1.31-pyhd8ed1ab_0.conda
      - conda: https://conda.anaconda.org/conda-forge/linux-64/cffi-1.17.1-py312h06ac9bb_0.conda
      - conda: https://conda.anaconda.org/conda-forge/noarch/charset-normalizer-3.4.1-pyhd8ed1ab_0.conda
      - conda: https://conda.anaconda.org/conda-forge/noarch/click-8.1.8-pyh707e725_0.conda
      - conda: https://conda.anaconda.org/conda-forge/noarch/colorama-0.4.6-pyhd8ed1ab_1.conda
      - conda: https://conda.anaconda.org/conda-forge/noarch/dash-2.18.2-pyhd8ed1ab_2.conda
      - conda: https://conda.anaconda.org/conda-forge/noarch/dash-bootstrap-components-1.7.1-pyhd8ed1ab_0.conda
      - conda: https://conda.anaconda.org/conda-forge/noarch/duckdb-1.2.1-h332efcf_0.conda
      - conda: https://conda.anaconda.org/conda-forge/noarch/editables-0.5-pyhd8ed1ab_1.conda
      - conda: https://conda.anaconda.org/conda-forge/noarch/exceptiongroup-1.2.2-pyhd8ed1ab_1.conda
      - conda: https://conda.anaconda.org/conda-forge/noarch/flask-3.1.0-pyhd8ed1ab_1.conda
      - conda: https://conda.anaconda.org/conda-forge/noarch/h2-4.2.0-pyhd8ed1ab_0.conda
      - conda: https://conda.anaconda.org/conda-forge/noarch/hatchling-1.27.0-pypyhd8ed1ab_0.conda
      - conda: https://conda.anaconda.org/conda-forge/noarch/hpack-4.1.0-pyhd8ed1ab_0.conda
      - conda: https://conda.anaconda.org/conda-forge/noarch/hyperframe-6.1.0-pyhd8ed1ab_0.conda
      - conda: https://conda.anaconda.org/conda-forge/noarch/hypothesis-6.129.2-pyha770c72_0.conda
      - conda: https://conda.anaconda.org/conda-forge/noarch/idna-3.10-pyhd8ed1ab_1.conda
      - conda: https://conda.anaconda.org/conda-forge/noarch/importlib-metadata-8.6.1-pyha770c72_0.conda
      - conda: https://conda.anaconda.org/conda-forge/noarch/iniconfig-2.0.0-pyhd8ed1ab_1.conda
      - conda: https://conda.anaconda.org/conda-forge/noarch/itsdangerous-2.2.0-pyhd8ed1ab_1.conda
      - conda: https://conda.anaconda.org/conda-forge/noarch/jinja2-3.1.6-pyhd8ed1ab_0.conda
      - conda: https://conda.anaconda.org/conda-forge/noarch/joblib-1.4.2-pyhd8ed1ab_1.conda
      - conda: https://conda.anaconda.org/conda-forge/linux-64/ld_impl_linux-64-2.43-h712a8e2_4.conda
      - conda: https://conda.anaconda.org/conda-forge/linux-64/libblas-3.9.0-31_h59b9bed_openblas.conda
      - conda: https://conda.anaconda.org/conda-forge/linux-64/libcblas-3.9.0-31_he106b2a_openblas.conda
      - conda: https://conda.anaconda.org/conda-forge/linux-64/libexpat-2.6.4-h5888daf_0.conda
      - conda: https://conda.anaconda.org/conda-forge/linux-64/libffi-3.4.6-h2dba641_0.conda
      - conda: https://conda.anaconda.org/conda-forge/linux-64/libgcc-14.2.0-h767d61c_2.conda
      - conda: https://conda.anaconda.org/conda-forge/linux-64/libgcc-ng-14.2.0-h69a702a_2.conda
      - conda: https://conda.anaconda.org/conda-forge/linux-64/libgfortran-14.2.0-h69a702a_2.conda
      - conda: https://conda.anaconda.org/conda-forge/linux-64/libgfortran5-14.2.0-hf1ad2bd_2.conda
      - conda: https://conda.anaconda.org/conda-forge/linux-64/libgomp-14.2.0-h767d61c_2.conda
      - conda: https://conda.anaconda.org/conda-forge/linux-64/liblapack-3.9.0-31_h7ac8fdf_openblas.conda
      - conda: https://conda.anaconda.org/conda-forge/linux-64/liblzma-5.6.4-hb9d3cd8_0.conda
      - conda: https://conda.anaconda.org/conda-forge/linux-64/libnsl-2.0.1-hd590300_0.conda
      - conda: https://conda.anaconda.org/conda-forge/linux-64/libopenblas-0.3.29-pthreads_h94d23a6_0.conda
      - conda: https://conda.anaconda.org/conda-forge/linux-64/libsqlite-3.49.1-hee588c1_2.conda
      - conda: https://conda.anaconda.org/conda-forge/linux-64/libstdcxx-14.2.0-h8f9b012_2.conda
      - conda: https://conda.anaconda.org/conda-forge/linux-64/libuuid-2.38.1-h0b41bf4_0.conda
      - conda: https://conda.anaconda.org/conda-forge/linux-64/libxcrypt-4.4.36-hd590300_1.conda
      - conda: https://conda.anaconda.org/conda-forge/linux-64/libzlib-1.3.1-hb9d3cd8_2.conda
      - conda: https://conda.anaconda.org/conda-forge/linux-64/markupsafe-3.0.2-py312h178313f_1.conda
      - conda: https://conda.anaconda.org/conda-forge/noarch/mypy_extensions-1.0.0-pyha770c72_1.conda
      - conda: https://conda.anaconda.org/conda-forge/noarch/narwhals-1.30.0-pyhd8ed1ab_0.conda
      - conda: https://conda.anaconda.org/conda-forge/linux-64/ncurses-6.5-h2d0b736_3.conda
      - conda: https://conda.anaconda.org/conda-forge/noarch/nest-asyncio-1.6.0-pyhd8ed1ab_1.conda
      - conda: https://conda.anaconda.org/conda-forge/linux-64/numpy-2.2.3-py312h72c5963_0.conda
      - conda: https://conda.anaconda.org/conda-forge/linux-64/openssl-3.4.1-h7b32b05_0.conda
      - conda: https://conda.anaconda.org/conda-forge/noarch/packaging-24.2-pyhd8ed1ab_2.conda
      - conda: https://conda.anaconda.org/conda-forge/linux-64/pandas-2.2.3-py312hf9745cd_1.conda
      - conda: https://conda.anaconda.org/conda-forge/noarch/pandera-0.23.1-hd8ed1ab_0.conda
      - conda: https://conda.anaconda.org/conda-forge/noarch/pandera-base-0.23.1-pyhd8ed1ab_0.conda
      - conda: https://conda.anaconda.org/conda-forge/noarch/pathspec-0.12.1-pyhd8ed1ab_1.conda
      - conda: https://conda.anaconda.org/conda-forge/noarch/plotly-6.0.0-pyhd8ed1ab_0.conda
      - conda: https://conda.anaconda.org/conda-forge/noarch/pluggy-1.5.0-pyhd8ed1ab_1.conda
      - conda: https://conda.anaconda.org/conda-forge/noarch/pycparser-2.22-pyh29332c3_1.conda
      - conda: https://conda.anaconda.org/conda-forge/noarch/pydantic-2.10.6-pyh3cfb1c2_0.conda
      - conda: https://conda.anaconda.org/conda-forge/linux-64/pydantic-core-2.27.2-py312h12e396e_0.conda
      - conda: https://conda.anaconda.org/conda-forge/noarch/pysocks-1.7.1-pyha55dd90_7.conda
      - conda: https://conda.anaconda.org/conda-forge/noarch/pytest-8.3.5-pyhd8ed1ab_0.conda
      - conda: https://conda.anaconda.org/conda-forge/linux-64/python-3.12.9-h9e4cc4f_1_cpython.conda
      - conda: https://conda.anaconda.org/conda-forge/noarch/python-dateutil-2.9.0.post0-pyhff2d567_1.conda
      - conda: https://conda.anaconda.org/conda-forge/linux-64/python-duckdb-1.2.1-py312h2ec8cdc_0.conda
      - conda: https://conda.anaconda.org/conda-forge/noarch/python-tzdata-2025.1-pyhd8ed1ab_0.conda
      - conda: https://conda.anaconda.org/conda-forge/linux-64/python_abi-3.12-5_cp312.conda
      - conda: https://conda.anaconda.org/conda-forge/noarch/pytz-2024.1-pyhd8ed1ab_0.conda
      - conda: https://conda.anaconda.org/conda-forge/linux-64/readline-8.2-h8c095d6_2.conda
      - conda: https://conda.anaconda.org/conda-forge/noarch/requests-2.32.3-pyhd8ed1ab_1.conda
      - conda: https://conda.anaconda.org/conda-forge/noarch/retrying-1.3.4-pyhd8ed1ab_0.conda
      - conda: https://conda.anaconda.org/conda-forge/linux-64/scikit-learn-1.6.1-py312h7a48858_0.conda
      - conda: https://conda.anaconda.org/conda-forge/linux-64/scipy-1.15.2-py312ha707e6e_0.conda
      - conda: https://conda.anaconda.org/conda-forge/noarch/setuptools-75.8.2-pyhff2d567_0.conda
      - conda: https://conda.anaconda.org/conda-forge/noarch/six-1.17.0-pyhd8ed1ab_0.conda
      - conda: https://conda.anaconda.org/conda-forge/noarch/sortedcontainers-2.4.0-pyhd8ed1ab_1.conda
      - conda: https://conda.anaconda.org/conda-forge/noarch/threadpoolctl-3.6.0-pyhecae5ae_0.conda
      - conda: https://conda.anaconda.org/conda-forge/linux-64/tk-8.6.13-noxft_h4845f30_101.conda
      - conda: https://conda.anaconda.org/conda-forge/noarch/tomli-2.2.1-pyhd8ed1ab_1.conda
      - conda: https://conda.anaconda.org/conda-forge/noarch/trove-classifiers-2025.3.13.13-pyhd8ed1ab_0.conda
      - conda: https://conda.anaconda.org/conda-forge/noarch/typeguard-4.4.2-pyhd8ed1ab_0.conda
      - conda: https://conda.anaconda.org/conda-forge/noarch/typing-extensions-4.12.2-hd8ed1ab_1.conda
      - conda: https://conda.anaconda.org/conda-forge/noarch/typing_extensions-4.12.2-pyha770c72_1.conda
      - conda: https://conda.anaconda.org/conda-forge/noarch/typing_inspect-0.9.0-pyhd8ed1ab_1.conda
      - conda: https://conda.anaconda.org/conda-forge/noarch/tzdata-2025a-h78e105d_0.conda
      - conda: https://conda.anaconda.org/conda-forge/noarch/urllib3-2.3.0-pyhd8ed1ab_0.conda
      - conda: https://conda.anaconda.org/conda-forge/noarch/werkzeug-3.1.3-pyhd8ed1ab_1.conda
      - conda: https://conda.anaconda.org/conda-forge/noarch/zipp-3.21.0-pyhd8ed1ab_1.conda
      - conda: https://conda.anaconda.org/conda-forge/linux-64/zstandard-0.23.0-py312h66e93f0_1.conda
packages:
- conda: https://conda.anaconda.org/conda-forge/linux-64/_libgcc_mutex-0.1-conda_forge.tar.bz2
  sha256: fe51de6107f9edc7aa4f786a70f4a883943bc9d39b3bb7307c04c41410990726
  md5: d7c89558ba9fa0495403155b64376d81
  license: None
  size: 2562
  timestamp: 1578324546067
- conda: https://conda.anaconda.org/conda-forge/linux-64/_openmp_mutex-4.5-2_gnu.tar.bz2
  build_number: 16
  sha256: fbe2c5e56a653bebb982eda4876a9178aedfc2b545f25d0ce9c4c0b508253d22
  md5: 73aaf86a425cc6e73fcf236a5a46396d
  depends:
  - _libgcc_mutex 0.1 conda_forge
  - libgomp >=7.5.0
  constrains:
  - openmp_impl 9999
  license: BSD-3-Clause
  license_family: BSD
  size: 23621
  timestamp: 1650670423406
- conda: https://conda.anaconda.org/conda-forge/noarch/annotated-types-0.7.0-pyhd8ed1ab_1.conda
  sha256: e0ea1ba78fbb64f17062601edda82097fcf815012cf52bb704150a2668110d48
  md5: 2934f256a8acfe48f6ebb4fce6cde29c
  depends:
  - python >=3.9
  - typing-extensions >=4.0.0
  license: MIT
  license_family: MIT
  size: 18074
  timestamp: 1733247158254
- conda: https://conda.anaconda.org/conda-forge/noarch/attrs-25.3.0-pyh71513ae_0.conda
  sha256: 99c53ffbcb5dc58084faf18587b215f9ac8ced36bbfb55fa807c00967e419019
  md5: a10d11958cadc13fdb43df75f8b1903f
  depends:
  - python >=3.9
  license: MIT
  license_family: MIT
  size: 57181
  timestamp: 1741918625732
- conda: https://conda.anaconda.org/conda-forge/noarch/blinker-1.9.0-pyhff2d567_0.conda
  sha256: f7efd22b5c15b400ed84a996d777b6327e5c402e79e3c534a7e086236f1eb2dc
  md5: 42834439227a4551b939beeeb8a4b085
  depends:
  - python >=3.9
  license: MIT
  license_family: MIT
  size: 13934
  timestamp: 1731096548765
- conda: https://conda.anaconda.org/conda-forge/linux-64/brotli-python-1.1.0-py312h2ec8cdc_2.conda
  sha256: f2a59ccd20b4816dea9a2a5cb917eb69728271dbf1aeab4e1b7e609330a50b6f
  md5: b0b867af6fc74b2a0aa206da29c0f3cf
  depends:
  - __glibc >=2.17,<3.0.a0
  - libgcc >=13
  - libstdcxx >=13
  - python >=3.12,<3.13.0a0
  - python_abi 3.12.* *_cp312
  constrains:
  - libbrotlicommon 1.1.0 hb9d3cd8_2
  license: MIT
  license_family: MIT
  size: 349867
  timestamp: 1725267732089
- conda: https://conda.anaconda.org/conda-forge/linux-64/bzip2-1.0.8-h4bc722e_7.conda
  sha256: 5ced96500d945fb286c9c838e54fa759aa04a7129c59800f0846b4335cee770d
  md5: 62ee74e96c5ebb0af99386de58cf9553
  depends:
  - __glibc >=2.17,<3.0.a0
  - libgcc-ng >=12
  license: bzip2-1.0.6
  license_family: BSD
  size: 252783
  timestamp: 1720974456583
- conda: https://conda.anaconda.org/conda-forge/linux-64/ca-certificates-2025.1.31-hbcca054_0.conda
  sha256: bf832198976d559ab44d6cdb315642655547e26d826e34da67cbee6624cda189
  md5: 19f3a56f68d2fd06c516076bff482c52
  license: ISC
  size: 158144
  timestamp: 1738298224464
- conda: https://conda.anaconda.org/conda-forge/noarch/certifi-2025.1.31-pyhd8ed1ab_0.conda
  sha256: 42a78446da06a2568cb13e69be3355169fbd0ea424b00fc80b7d840f5baaacf3
  md5: c207fa5ac7ea99b149344385a9c0880d
  depends:
  - python >=3.9
  license: ISC
  size: 162721
  timestamp: 1739515973129
- conda: https://conda.anaconda.org/conda-forge/linux-64/cffi-1.17.1-py312h06ac9bb_0.conda
  sha256: cba6ea83c4b0b4f5b5dc59cb19830519b28f95d7ebef7c9c5cf1c14843621457
  md5: a861504bbea4161a9170b85d4d2be840
  depends:
  - __glibc >=2.17,<3.0.a0
  - libffi >=3.4,<4.0a0
  - libgcc >=13
  - pycparser
  - python >=3.12,<3.13.0a0
  - python_abi 3.12.* *_cp312
  license: MIT
  license_family: MIT
  size: 294403
  timestamp: 1725560714366
- conda: https://conda.anaconda.org/conda-forge/noarch/charset-normalizer-3.4.1-pyhd8ed1ab_0.conda
  sha256: 4e0ee91b97e5de3e74567bdacea27f0139709fceca4db8adffbe24deffccb09b
  md5: e83a31202d1c0a000fce3e9cf3825875
  depends:
  - python >=3.9
  license: MIT
  license_family: MIT
  size: 47438
  timestamp: 1735929811779
- conda: https://conda.anaconda.org/conda-forge/noarch/click-8.1.8-pyh707e725_0.conda
  sha256: c920d23cd1fcf565031c679adb62d848af60d6fbb0edc2d50ba475cea4f0d8ab
  md5: f22f4d4970e09d68a10b922cbb0408d3
  depends:
  - __unix
  - python >=3.9
  license: BSD-3-Clause
  license_family: BSD
  size: 84705
  timestamp: 1734858922844
- conda: https://conda.anaconda.org/conda-forge/noarch/colorama-0.4.6-pyhd8ed1ab_1.conda
  sha256: ab29d57dc70786c1269633ba3dff20288b81664d3ff8d21af995742e2bb03287
  md5: 962b9857ee8e7018c22f2776ffa0b2d7
  depends:
  - python >=3.9
  license: BSD-3-Clause
  license_family: BSD
  size: 27011
  timestamp: 1733218222191
- conda: https://conda.anaconda.org/conda-forge/noarch/dash-2.18.2-pyhd8ed1ab_2.conda
  sha256: 3d6c1366f1f3cd1f0793dce70fca10650518ace162bb65fca640bd4b33ce8986
  md5: 51bb5f6ac78530112942e17f262a36fb
  depends:
  - flask >=1.0.4
  - importlib-metadata
  - nest-asyncio
  - plotly >=5.0.0
  - python >=3.9
  - requests
  - retrying
  - setuptools
  - typing_extensions >=4.1.1
  - werkzeug
  constrains:
  - dash_table >=5.0.0
  - dash-html-components >=2.0.0
  - dash-core-components >=2.0.0
  license: MIT
  license_family: MIT
  size: 5444549
  timestamp: 1737726641971
- conda: https://conda.anaconda.org/conda-forge/noarch/dash-bootstrap-components-1.7.1-pyhd8ed1ab_0.conda
  sha256: d10ded8f1f53c5667d443dfb8c58e09c7562b4e7a6ebf96eda153733f45f9bad
  md5: b12033da7032a55329fd2ee80ce99c3f
  depends:
  - dash >=2.0.0
  - hatchling
  - python >=3.9
  license: MIT
  license_family: Apache
  size: 121642
  timestamp: 1737026640951
- conda: https://conda.anaconda.org/conda-forge/noarch/duckdb-1.2.1-h332efcf_0.conda
  sha256: 043cfd96a814763f27ec5c30d20df796e5c305b41304ac0f8d7b5759573a5da7
  md5: 12b76adf6021107a87f790ab854d220c
  depends:
  - python-duckdb >=1.2.1,<1.2.2.0a0
  license: MIT
  license_family: MIT
  size: 8009
  timestamp: 1742069369348
- conda: https://conda.anaconda.org/conda-forge/noarch/editables-0.5-pyhd8ed1ab_1.conda
  sha256: 8d4f908e670be360617d418c328213bc46e7100154c3742db085148141712f60
  md5: 2cf824fe702d88e641eec9f9f653e170
  depends:
  - python >=3.9
  license: MIT
  license_family: MIT
  size: 10828
  timestamp: 1733208220327
- conda: https://conda.anaconda.org/conda-forge/noarch/exceptiongroup-1.2.2-pyhd8ed1ab_1.conda
  sha256: cbde2c64ec317118fc06b223c5fd87c8a680255e7348dd60e7b292d2e103e701
  md5: a16662747cdeb9abbac74d0057cc976e
  depends:
  - python >=3.9
  license: MIT and PSF-2.0
  size: 20486
  timestamp: 1733208916977
- conda: https://conda.anaconda.org/conda-forge/noarch/flask-3.1.0-pyhd8ed1ab_1.conda
  sha256: 4dc950e0c4edf552d5375656bc4ba6239db64382decf3b19f851a097d1b292c6
  md5: 2da939620e3a741f61fc1cb136df66fb
  depends:
  - blinker >=1.9
  - click >=8.1.3
  - importlib-metadata >=3.6
  - itsdangerous >=2.2
  - jinja2 >=3.1.2
  - python >=3.9
  - werkzeug >=3.1
  license: BSD-3-Clause
  license_family: BSD
  size: 81919
  timestamp: 1741793160999
- conda: https://conda.anaconda.org/conda-forge/noarch/h2-4.2.0-pyhd8ed1ab_0.conda
  sha256: 0aa1cdc67a9fe75ea95b5644b734a756200d6ec9d0dff66530aec3d1c1e9df75
  md5: b4754fb1bdcb70c8fd54f918301582c6
  depends:
  - hpack >=4.1,<5
  - hyperframe >=6.1,<7
  - python >=3.9
  license: MIT
  license_family: MIT
  size: 53888
  timestamp: 1738578623567
- conda: https://conda.anaconda.org/conda-forge/noarch/hatchling-1.27.0-pypyhd8ed1ab_0.conda
  sha256: e83420f81390535774ac33b83d05249b8993e5376b76b4d461f83a77549e493d
  md5: b85c18ba6e927ae0da3fde426c893cc8
  depends:
  - editables >=0.3
  - importlib-metadata
  - packaging >=21.3
  - pathspec >=0.10.1
  - pluggy >=1.0.0
  - python >=3.7
  - python >=3.8
  - tomli >=1.2.2
  - trove-classifiers
  license: MIT
  license_family: MIT
  size: 56598
  timestamp: 1734311718682
- conda: https://conda.anaconda.org/conda-forge/noarch/hpack-4.1.0-pyhd8ed1ab_0.conda
  sha256: 6ad78a180576c706aabeb5b4c8ceb97c0cb25f1e112d76495bff23e3779948ba
  md5: 0a802cb9888dd14eeefc611f05c40b6e
  depends:
  - python >=3.9
  license: MIT
  license_family: MIT
  size: 30731
  timestamp: 1737618390337
- conda: https://conda.anaconda.org/conda-forge/noarch/hyperframe-6.1.0-pyhd8ed1ab_0.conda
  sha256: 77af6f5fe8b62ca07d09ac60127a30d9069fdc3c68d6b256754d0ffb1f7779f8
  md5: 8e6923fc12f1fe8f8c4e5c9f343256ac
  depends:
  - python >=3.9
  license: MIT
  license_family: MIT
  size: 17397
  timestamp: 1737618427549
- conda: https://conda.anaconda.org/conda-forge/noarch/hypothesis-6.129.2-pyha770c72_0.conda
  sha256: 51b267c7b490938eef093b8c0ffe7842564361723fa30a11acae46ca6e2f28b1
  md5: d258db4e3801adbf952af0e472c7a47e
  depends:
  - attrs >=22.2.0
  - click >=7.0
  - exceptiongroup >=1.0.0
  - python >=3.9
  - setuptools
  - sortedcontainers >=2.1.0,<3.0.0
  license: MPL-2.0
  license_family: MOZILLA
  size: 348192
  timestamp: 1742037550421
- conda: https://conda.anaconda.org/conda-forge/noarch/idna-3.10-pyhd8ed1ab_1.conda
  sha256: d7a472c9fd479e2e8dcb83fb8d433fce971ea369d704ece380e876f9c3494e87
  md5: 39a4f67be3286c86d696df570b1201b7
  depends:
  - python >=3.9
  license: BSD-3-Clause
  license_family: BSD
  size: 49765
  timestamp: 1733211921194
- conda: https://conda.anaconda.org/conda-forge/noarch/importlib-metadata-8.6.1-pyha770c72_0.conda
  sha256: 598951ebdb23e25e4cec4bbff0ae369cec65ead80b50bc08b441d8e54de5cf03
  md5: f4b39bf00c69f56ac01e020ebfac066c
  depends:
  - python >=3.9
  - zipp >=0.5
  license: Apache-2.0
  license_family: APACHE
  size: 29141
  timestamp: 1737420302391
- conda: https://conda.anaconda.org/conda-forge/noarch/iniconfig-2.0.0-pyhd8ed1ab_1.conda
  sha256: 0ec8f4d02053cd03b0f3e63168316530949484f80e16f5e2fb199a1d117a89ca
  md5: 6837f3eff7dcea42ecd714ce1ac2b108
  depends:
  - python >=3.9
  license: MIT
  license_family: MIT
  size: 11474
  timestamp: 1733223232820
- conda: https://conda.anaconda.org/conda-forge/noarch/itsdangerous-2.2.0-pyhd8ed1ab_1.conda
  sha256: 1684b7b16eec08efef5302ce298c606b163c18272b69a62b666fbaa61516f170
  md5: 7ac5f795c15f288984e32add616cdc59
  depends:
  - python >=3.9
  license: BSD-3-Clause
  license_family: BSD
  size: 19180
  timestamp: 1733308353037
- conda: https://conda.anaconda.org/conda-forge/noarch/jinja2-3.1.6-pyhd8ed1ab_0.conda
  sha256: f1ac18b11637ddadc05642e8185a851c7fab5998c6f5470d716812fae943b2af
  md5: 446bd6c8cb26050d528881df495ce646
  depends:
  - markupsafe >=2.0
  - python >=3.9
  license: BSD-3-Clause
  license_family: BSD
  size: 112714
  timestamp: 1741263433881
- conda: https://conda.anaconda.org/conda-forge/noarch/joblib-1.4.2-pyhd8ed1ab_1.conda
  sha256: 51cc2dc491668af0c4d9299b0ab750f16ccf413ec5e2391b924108c1fbacae9b
  md5: bf8243ee348f3a10a14ed0cae323e0c1
  depends:
  - python >=3.9
  - setuptools
  license: BSD-3-Clause
  license_family: BSD
  size: 220252
  timestamp: 1733736157394
- conda: https://conda.anaconda.org/conda-forge/linux-64/ld_impl_linux-64-2.43-h712a8e2_4.conda
  sha256: db73f38155d901a610b2320525b9dd3b31e4949215c870685fd92ea61b5ce472
  md5: 01f8d123c96816249efd255a31ad7712
  depends:
  - __glibc >=2.17,<3.0.a0
  constrains:
  - binutils_impl_linux-64 2.43
  license: GPL-3.0-only
  license_family: GPL
  size: 671240
  timestamp: 1740155456116
- conda: https://conda.anaconda.org/conda-forge/linux-64/libblas-3.9.0-31_h59b9bed_openblas.conda
  build_number: 31
  sha256: 9839fc4ac0cbb0aa3b9eea520adfb57311838959222654804e58f6f2d1771db5
  md5: 728dbebd0f7a20337218beacffd37916
  depends:
  - libopenblas >=0.3.29,<0.3.30.0a0
  - libopenblas >=0.3.29,<1.0a0
  constrains:
  - liblapacke =3.9.0=31*_openblas
  - liblapack =3.9.0=31*_openblas
  - blas =2.131=openblas
  - mkl <2025
  - libcblas =3.9.0=31*_openblas
  license: BSD-3-Clause
  license_family: BSD
  size: 16859
  timestamp: 1740087969120
- conda: https://conda.anaconda.org/conda-forge/linux-64/libcblas-3.9.0-31_he106b2a_openblas.conda
  build_number: 31
  sha256: ede8545011f5b208b151fe3e883eb4e31d495ab925ab7b9ce394edca846e0c0d
  md5: abb32c727da370c481a1c206f5159ce9
  depends:
  - libblas 3.9.0 31_h59b9bed_openblas
  constrains:
  - liblapacke =3.9.0=31*_openblas
  - liblapack =3.9.0=31*_openblas
  - blas =2.131=openblas
  license: BSD-3-Clause
  license_family: BSD
  size: 16796
  timestamp: 1740087984429
- conda: https://conda.anaconda.org/conda-forge/linux-64/libexpat-2.6.4-h5888daf_0.conda
  sha256: 56541b98447b58e52d824bd59d6382d609e11de1f8adf20b23143e353d2b8d26
  md5: db833e03127376d461e1e13e76f09b6c
  depends:
  - __glibc >=2.17,<3.0.a0
  - libgcc >=13
  constrains:
  - expat 2.6.4.*
  license: MIT
  license_family: MIT
  size: 73304
  timestamp: 1730967041968
- conda: https://conda.anaconda.org/conda-forge/linux-64/libffi-3.4.6-h2dba641_0.conda
  sha256: 67a6c95e33ebc763c1adc3455b9a9ecde901850eb2fceb8e646cc05ef3a663da
  md5: e3eb7806380bc8bcecba6d749ad5f026
  depends:
  - __glibc >=2.17,<3.0.a0
  - libgcc >=13
  license: MIT
  license_family: MIT
  size: 53415
  timestamp: 1739260413716
- conda: https://conda.anaconda.org/conda-forge/linux-64/libgcc-14.2.0-h767d61c_2.conda
  sha256: 3a572d031cb86deb541d15c1875aaa097baefc0c580b54dc61f5edab99215792
  md5: ef504d1acbd74b7cc6849ef8af47dd03
  depends:
  - __glibc >=2.17,<3.0.a0
  - _openmp_mutex >=4.5
  constrains:
  - libgomp 14.2.0 h767d61c_2
  - libgcc-ng ==14.2.0=*_2
  license: GPL-3.0-only WITH GCC-exception-3.1
  license_family: GPL
  size: 847885
  timestamp: 1740240653082
- conda: https://conda.anaconda.org/conda-forge/linux-64/libgcc-ng-14.2.0-h69a702a_2.conda
  sha256: fb7558c328b38b2f9d2e412c48da7890e7721ba018d733ebdfea57280df01904
  md5: a2222a6ada71fb478682efe483ce0f92
  depends:
  - libgcc 14.2.0 h767d61c_2
  license: GPL-3.0-only WITH GCC-exception-3.1
  license_family: GPL
  size: 53758
  timestamp: 1740240660904
- conda: https://conda.anaconda.org/conda-forge/linux-64/libgfortran-14.2.0-h69a702a_2.conda
  sha256: e05263e8960da03c341650f2a3ffa4ccae4e111cb198e8933a2908125459e5a6
  md5: fb54c4ea68b460c278d26eea89cfbcc3
  depends:
  - libgfortran5 14.2.0 hf1ad2bd_2
  constrains:
  - libgfortran-ng ==14.2.0=*_2
  license: GPL-3.0-only WITH GCC-exception-3.1
  license_family: GPL
  size: 53733
  timestamp: 1740240690977
- conda: https://conda.anaconda.org/conda-forge/linux-64/libgfortran5-14.2.0-hf1ad2bd_2.conda
  sha256: c17b7cf3073a1f4e1f34d50872934fa326346e104d3c445abc1e62481ad6085c
  md5: 556a4fdfac7287d349b8f09aba899693
  depends:
  - __glibc >=2.17,<3.0.a0
  - libgcc >=14.2.0
  constrains:
  - libgfortran 14.2.0
  license: GPL-3.0-only WITH GCC-exception-3.1
  license_family: GPL
  size: 1461978
  timestamp: 1740240671964
- conda: https://conda.anaconda.org/conda-forge/linux-64/libgomp-14.2.0-h767d61c_2.conda
  sha256: 1a3130e0b9267e781b89399580f3163632d59fe5b0142900d63052ab1a53490e
  md5: 06d02030237f4d5b3d9a7e7d348fe3c6
  depends:
  - __glibc >=2.17,<3.0.a0
  license: GPL-3.0-only WITH GCC-exception-3.1
  license_family: GPL
  size: 459862
  timestamp: 1740240588123
- conda: https://conda.anaconda.org/conda-forge/linux-64/liblapack-3.9.0-31_h7ac8fdf_openblas.conda
  build_number: 31
  sha256: f583661921456e798aba10972a8abbd9d33571c655c1f66eff450edc9cbefcf3
  md5: 452b98eafe050ecff932f0ec832dd03f
  depends:
  - libblas 3.9.0 31_h59b9bed_openblas
  constrains:
  - libcblas =3.9.0=31*_openblas
  - liblapacke =3.9.0=31*_openblas
  - blas =2.131=openblas
  license: BSD-3-Clause
  license_family: BSD
  size: 16790
  timestamp: 1740087997375
- conda: https://conda.anaconda.org/conda-forge/linux-64/liblzma-5.6.4-hb9d3cd8_0.conda
  sha256: cad52e10319ca4585bc37f0bc7cce99ec7c15dc9168e42ccb96b741b0a27db3f
  md5: 42d5b6a0f30d3c10cd88cb8584fda1cb
  depends:
  - __glibc >=2.17,<3.0.a0
  - libgcc >=13
  license: 0BSD
  size: 111357
  timestamp: 1738525339684
- conda: https://conda.anaconda.org/conda-forge/linux-64/libnsl-2.0.1-hd590300_0.conda
  sha256: 26d77a3bb4dceeedc2a41bd688564fe71bf2d149fdcf117049970bc02ff1add6
  md5: 30fd6e37fe21f86f4bd26d6ee73eeec7
  depends:
  - libgcc-ng >=12
  license: LGPL-2.1-only
  license_family: GPL
  size: 33408
  timestamp: 1697359010159
- conda: https://conda.anaconda.org/conda-forge/linux-64/libopenblas-0.3.29-pthreads_h94d23a6_0.conda
  sha256: cc5389ea254f111ef17a53df75e8e5209ef2ea6117e3f8aced88b5a8e51f11c4
  md5: 0a4d0252248ef9a0f88f2ba8b8a08e12
  depends:
  - __glibc >=2.17,<3.0.a0
  - libgcc >=14
  - libgfortran
  - libgfortran5 >=14.2.0
  constrains:
  - openblas >=0.3.29,<0.3.30.0a0
  license: BSD-3-Clause
  license_family: BSD
  size: 5919288
  timestamp: 1739825731827
- conda: https://conda.anaconda.org/conda-forge/linux-64/libsqlite-3.49.1-hee588c1_2.conda
  sha256: a086289bf75c33adc1daed3f1422024504ffb5c3c8b3285c49f025c29708ed16
  md5: 962d6ac93c30b1dfc54c9cccafd1003e
  depends:
  - __glibc >=2.17,<3.0.a0
  - libgcc >=13
  - libzlib >=1.3.1,<2.0a0
  license: Unlicense
  size: 918664
  timestamp: 1742083674731
- conda: https://conda.anaconda.org/conda-forge/linux-64/libstdcxx-14.2.0-h8f9b012_2.conda
  sha256: 8f5bd92e4a24e1d35ba015c5252e8f818898478cb3bc50bd8b12ab54707dc4da
  md5: a78c856b6dc6bf4ea8daeb9beaaa3fb0
  depends:
  - __glibc >=2.17,<3.0.a0
  - libgcc 14.2.0 h767d61c_2
  license: GPL-3.0-only WITH GCC-exception-3.1
  license_family: GPL
  size: 3884556
  timestamp: 1740240685253
- conda: https://conda.anaconda.org/conda-forge/linux-64/libuuid-2.38.1-h0b41bf4_0.conda
  sha256: 787eb542f055a2b3de553614b25f09eefb0a0931b0c87dbcce6efdfd92f04f18
  md5: 40b61aab5c7ba9ff276c41cfffe6b80b
  depends:
  - libgcc-ng >=12
  license: BSD-3-Clause
  license_family: BSD
  size: 33601
  timestamp: 1680112270483
- conda: https://conda.anaconda.org/conda-forge/linux-64/libxcrypt-4.4.36-hd590300_1.conda
  sha256: 6ae68e0b86423ef188196fff6207ed0c8195dd84273cb5623b85aa08033a410c
  md5: 5aa797f8787fe7a17d1b0821485b5adc
  depends:
  - libgcc-ng >=12
  license: LGPL-2.1-or-later
  size: 100393
  timestamp: 1702724383534
- conda: https://conda.anaconda.org/conda-forge/linux-64/libzlib-1.3.1-hb9d3cd8_2.conda
  sha256: d4bfe88d7cb447768e31650f06257995601f89076080e76df55e3112d4e47dc4
  md5: edb0dca6bc32e4f4789199455a1dbeb8
  depends:
  - __glibc >=2.17,<3.0.a0
  - libgcc >=13
  constrains:
  - zlib 1.3.1 *_2
  license: Zlib
  license_family: Other
  size: 60963
  timestamp: 1727963148474
- conda: https://conda.anaconda.org/conda-forge/linux-64/markupsafe-3.0.2-py312h178313f_1.conda
  sha256: 4a6bf68d2a2b669fecc9a4a009abd1cf8e72c2289522ff00d81b5a6e51ae78f5
  md5: eb227c3e0bf58f5bd69c0532b157975b
  depends:
  - __glibc >=2.17,<3.0.a0
  - libgcc >=13
  - python >=3.12,<3.13.0a0
  - python_abi 3.12.* *_cp312
  constrains:
  - jinja2 >=3.0.0
  license: BSD-3-Clause
  license_family: BSD
  size: 24604
  timestamp: 1733219911494
- conda: https://conda.anaconda.org/conda-forge/noarch/mypy_extensions-1.0.0-pyha770c72_1.conda
  sha256: 1895f47b7d68581a6facde5cb13ab8c2764c2e53a76bd746f8f98910dc4e08fe
  md5: 29097e7ea634a45cc5386b95cac6568f
  depends:
  - python >=3.9
  license: MIT
  license_family: MIT
  size: 10854
  timestamp: 1733230986902
- conda: https://conda.anaconda.org/conda-forge/noarch/narwhals-1.30.0-pyhd8ed1ab_0.conda
  sha256: a6a11870d906d3424f09d933753d2905a63b73371a4e18908620dd5e53c65a3f
  md5: 19f20e22cb2889d5138b0a56d4c33394
  depends:
  - python >=3.9
  license: MIT
  license_family: MIT
  size: 180520
  timestamp: 1741613573009
- conda: https://conda.anaconda.org/conda-forge/linux-64/ncurses-6.5-h2d0b736_3.conda
  sha256: 3fde293232fa3fca98635e1167de6b7c7fda83caf24b9d6c91ec9eefb4f4d586
  md5: 47e340acb35de30501a76c7c799c41d7
  depends:
  - __glibc >=2.17,<3.0.a0
  - libgcc >=13
  license: X11 AND BSD-3-Clause
  size: 891641
  timestamp: 1738195959188
- conda: https://conda.anaconda.org/conda-forge/noarch/nest-asyncio-1.6.0-pyhd8ed1ab_1.conda
  sha256: bb7b21d7fd0445ddc0631f64e66d91a179de4ba920b8381f29b9d006a42788c0
  md5: 598fd7d4d0de2455fb74f56063969a97
  depends:
  - python >=3.9
  license: BSD-2-Clause
  license_family: BSD
  size: 11543
  timestamp: 1733325673691
- conda: https://conda.anaconda.org/conda-forge/linux-64/numpy-2.2.3-py312h72c5963_0.conda
  sha256: e05f689807e11a11871b9072b7443d6f2bf2bae3871d5258d787c6e182a7eaec
  md5: d117e16d71afa469ea26c3d6896291da
  depends:
  - __glibc >=2.17,<3.0.a0
  - libblas >=3.9.0,<4.0a0
  - libcblas >=3.9.0,<4.0a0
  - libgcc >=13
  - liblapack >=3.9.0,<4.0a0
  - libstdcxx >=13
  - python >=3.12,<3.13.0a0
  - python_abi 3.12.* *_cp312
  constrains:
  - numpy-base <0a0
  license: BSD-3-Clause
  license_family: BSD
  size: 8458232
  timestamp: 1739426128240
- conda: https://conda.anaconda.org/conda-forge/linux-64/openssl-3.4.1-h7b32b05_0.conda
  sha256: cbf62df3c79a5c2d113247ddea5658e9ff3697b6e741c210656e239ecaf1768f
  md5: 41adf927e746dc75ecf0ef841c454e48
  depends:
  - __glibc >=2.17,<3.0.a0
  - ca-certificates
  - libgcc >=13
  license: Apache-2.0
  license_family: Apache
  size: 2939306
  timestamp: 1739301879343
- conda: https://conda.anaconda.org/conda-forge/noarch/packaging-24.2-pyhd8ed1ab_2.conda
  sha256: da157b19bcd398b9804c5c52fc000fcb8ab0525bdb9c70f95beaa0bb42f85af1
  md5: 3bfed7e6228ebf2f7b9eaa47f1b4e2aa
  depends:
  - python >=3.8
  license: Apache-2.0
  license_family: APACHE
  size: 60164
  timestamp: 1733203368787
- conda: https://conda.anaconda.org/conda-forge/linux-64/pandas-2.2.3-py312hf9745cd_1.conda
  sha256: ad275a83bfebfa8a8fee9b0569aaf6f513ada6a246b2f5d5b85903d8ca61887e
  md5: 8bce4f6caaf8c5448c7ac86d87e26b4b
  depends:
  - __glibc >=2.17,<3.0.a0
  - libgcc >=13
  - libstdcxx >=13
  - numpy >=1.19,<3
  - numpy >=1.22.4
  - python >=3.12,<3.13.0a0
  - python-dateutil >=2.8.1
  - python-tzdata >=2022a
  - python_abi 3.12.* *_cp312
  - pytz >=2020.1,<2024.2
  license: BSD-3-Clause
  license_family: BSD
  size: 15436913
  timestamp: 1726879054912
- conda: https://conda.anaconda.org/conda-forge/noarch/pandera-0.23.1-hd8ed1ab_0.conda
  noarch: python
  sha256: 996ad3fca1d396a3183d083cbd5d30a00cba1d31929d09924aaca1b73d7eef07
  md5: 90281a24b3ede1030f497d25f28deff3
  depends:
  - pandera-base >=0.23.1,<0.23.2.0a0
  license: MIT
  license_family: MIT
  size: 6988
  timestamp: 1741441142386
- conda: https://conda.anaconda.org/conda-forge/noarch/pandera-base-0.23.1-pyhd8ed1ab_0.conda
  sha256: 346522cbc5a88000c818626028881b89beb509b5f1872093e452352c9b9e5c7f
  md5: cc301a114c9d6d6fea6fc32d49aa250d
  depends:
  - numpy >=1.24.4
  - packaging >=20.0
  - pandas >=2.1.1
  - pydantic
  - python >=3.9
  - typeguard
  - typing_inspect >=0.6.0
  license: MIT
  license_family: MIT
  size: 153748
  timestamp: 1741441141466
- conda: https://conda.anaconda.org/conda-forge/noarch/pathspec-0.12.1-pyhd8ed1ab_1.conda
  sha256: 9f64009cdf5b8e529995f18e03665b03f5d07c0b17445b8badef45bde76249ee
  md5: 617f15191456cc6a13db418a275435e5
  depends:
  - python >=3.9
  license: MPL-2.0
  license_family: MOZILLA
  size: 41075
  timestamp: 1733233471940
- conda: https://conda.anaconda.org/conda-forge/noarch/plotly-6.0.0-pyhd8ed1ab_0.conda
  sha256: 1b534839e22ef0d59bc35417f2dea3c65e6101a139e5dee008837a5290e4fd34
  md5: 6297a5427e2f36aaf84e979ba28bfa84
  depends:
  - narwhals >=1.15.1
  - packaging
  - python >=3.9
  constrains:
  - ipywidgets >=7.6
  license: MIT
  license_family: MIT
  size: 5034538
  timestamp: 1738287950837
- conda: https://conda.anaconda.org/conda-forge/noarch/pluggy-1.5.0-pyhd8ed1ab_1.conda
  sha256: 122433fc5318816b8c69283aaf267c73d87aa2d09ce39f64c9805c9a3b264819
  md5: e9dcbce5f45f9ee500e728ae58b605b6
  depends:
  - python >=3.9
  license: MIT
  license_family: MIT
  size: 23595
  timestamp: 1733222855563
- conda: https://conda.anaconda.org/conda-forge/noarch/pycparser-2.22-pyh29332c3_1.conda
  sha256: 79db7928d13fab2d892592223d7570f5061c192f27b9febd1a418427b719acc6
  md5: 12c566707c80111f9799308d9e265aef
  depends:
  - python >=3.9
  - python
  license: BSD-3-Clause
  license_family: BSD
  size: 110100
  timestamp: 1733195786147
- conda: https://conda.anaconda.org/conda-forge/noarch/pydantic-2.10.6-pyh3cfb1c2_0.conda
  sha256: 9a78801a28959edeb945e8270a4e666577b52fac0cf4e35f88cf122f73d83e75
  md5: c69f87041cf24dfc8cb6bf64ca7133c7
  depends:
  - annotated-types >=0.6.0
  - pydantic-core 2.27.2
  - python >=3.9
  - typing-extensions >=4.6.1
  - typing_extensions >=4.12.2
  license: MIT
  license_family: MIT
  size: 296841
  timestamp: 1737761472006
- conda: https://conda.anaconda.org/conda-forge/linux-64/pydantic-core-2.27.2-py312h12e396e_0.conda
  sha256: 81602a4592ad2ac1a1cb57372fd25214e63b1c477d5818b0c21cde0f1f85c001
  md5: bae01b2563030c085f5158c518b84e86
  depends:
  - __glibc >=2.17,<3.0.a0
  - libgcc >=13
  - python >=3.12,<3.13.0a0
  - python_abi 3.12.* *_cp312
  - typing-extensions >=4.6.0,!=4.7.0
  constrains:
  - __glibc >=2.17
  license: MIT
  license_family: MIT
  size: 1641402
  timestamp: 1734571789895
- conda: https://conda.anaconda.org/conda-forge/noarch/pysocks-1.7.1-pyha55dd90_7.conda
  sha256: ba3b032fa52709ce0d9fd388f63d330a026754587a2f461117cac9ab73d8d0d8
  md5: 461219d1a5bd61342293efa2c0c90eac
  depends:
  - __unix
  - python >=3.9
  license: BSD-3-Clause
  license_family: BSD
  size: 21085
  timestamp: 1733217331982
- conda: https://conda.anaconda.org/conda-forge/noarch/pytest-8.3.5-pyhd8ed1ab_0.conda
  sha256: 963524de7340c56615583ba7b97a6beb20d5c56a59defb59724dc2a3105169c9
  md5: c3c9316209dec74a705a36797970c6be
  depends:
  - colorama
  - exceptiongroup >=1.0.0rc8
  - iniconfig
  - packaging
  - pluggy <2,>=1.5
  - python >=3.9
  - tomli >=1
  constrains:
  - pytest-faulthandler >=2
  license: MIT
  license_family: MIT
  size: 259816
  timestamp: 1740946648058
- conda: https://conda.anaconda.org/conda-forge/linux-64/python-3.12.9-h9e4cc4f_1_cpython.conda
  build_number: 1
  sha256: 77f2073889d4c91a57bc0da73a0466d9164dbcf6191ea9c3a7be6872f784d625
  md5: d82342192dfc9145185190e651065aa9
  depends:
  - __glibc >=2.17,<3.0.a0
  - bzip2 >=1.0.8,<2.0a0
  - ld_impl_linux-64 >=2.36.1
  - libexpat >=2.6.4,<3.0a0
  - libffi >=3.4,<4.0a0
  - libgcc >=13
  - liblzma >=5.6.4,<6.0a0
  - libnsl >=2.0.1,<2.1.0a0
  - libsqlite >=3.49.1,<4.0a0
  - libuuid >=2.38.1,<3.0a0
  - libxcrypt >=4.4.36
  - libzlib >=1.3.1,<2.0a0
  - ncurses >=6.5,<7.0a0
  - openssl >=3.4.1,<4.0a0
  - readline >=8.2,<9.0a0
  - tk >=8.6.13,<8.7.0a0
  - tzdata
  constrains:
  - python_abi 3.12.* *_cp312
  license: Python-2.0
  size: 31670716
  timestamp: 1741130026152
- conda: https://conda.anaconda.org/conda-forge/noarch/python-dateutil-2.9.0.post0-pyhff2d567_1.conda
  sha256: a50052536f1ef8516ed11a844f9413661829aa083304dc624c5925298d078d79
  md5: 5ba79d7c71f03c678c8ead841f347d6e
  depends:
  - python >=3.9
  - six >=1.5
  license: Apache-2.0
  license_family: APACHE
  size: 222505
  timestamp: 1733215763718
- conda: https://conda.anaconda.org/conda-forge/linux-64/python-duckdb-1.2.1-py312h2ec8cdc_0.conda
  sha256: 74f6cda52c3ace0304aefd04ce53f340c3596da0f5448922253a31ff677050d7
  md5: c3a0d44e389226915ab75d40ffffa3d9
  depends:
  - __glibc >=2.17,<3.0.a0
  - libgcc >=13
  - libstdcxx >=13
  - python >=3.12,<3.13.0a0
  - python_abi 3.12.* *_cp312
  license: MIT
  license_family: MIT
  size: 23796167
  timestamp: 1742068333955
- conda: https://conda.anaconda.org/conda-forge/noarch/python-tzdata-2025.1-pyhd8ed1ab_0.conda
  sha256: 1597d6055d34e709ab8915091973552a0b8764c8032ede07c4e99670da029629
  md5: 392c91c42edd569a7ec99ed8648f597a
  depends:
  - python >=3.9
  license: Apache-2.0
  license_family: APACHE
  size: 143794
  timestamp: 1737541204030
- conda: https://conda.anaconda.org/conda-forge/linux-64/python_abi-3.12-5_cp312.conda
  build_number: 5
  sha256: d10e93d759931ffb6372b45d65ff34d95c6000c61a07e298d162a3bc2accebb0
  md5: 0424ae29b104430108f5218a66db7260
  constrains:
  - python 3.12.* *_cpython
  license: BSD-3-Clause
  license_family: BSD
  size: 6238
  timestamp: 1723823388266
- conda: https://conda.anaconda.org/conda-forge/noarch/pytz-2024.1-pyhd8ed1ab_0.conda
  sha256: 1a7d6b233f7e6e3bbcbad054c8fd51e690a67b129a899a056a5e45dd9f00cb41
  md5: 3eeeeb9e4827ace8c0c1419c85d590ad
  depends:
  - python >=3.7
  license: MIT
  license_family: MIT
  size: 188538
  timestamp: 1706886944988
- conda: https://conda.anaconda.org/conda-forge/linux-64/readline-8.2-h8c095d6_2.conda
  sha256: 2d6d0c026902561ed77cd646b5021aef2d4db22e57a5b0178dfc669231e06d2c
  md5: 283b96675859b20a825f8fa30f311446
  depends:
  - libgcc >=13
  - ncurses >=6.5,<7.0a0
  license: GPL-3.0-only
  license_family: GPL
  size: 282480
  timestamp: 1740379431762
- conda: https://conda.anaconda.org/conda-forge/noarch/requests-2.32.3-pyhd8ed1ab_1.conda
  sha256: d701ca1136197aa121bbbe0e8c18db6b5c94acbd041c2b43c70e5ae104e1d8ad
  md5: a9b9368f3701a417eac9edbcae7cb737
  depends:
  - certifi >=2017.4.17
  - charset-normalizer >=2,<4
  - idna >=2.5,<4
  - python >=3.9
  - urllib3 >=1.21.1,<3
  constrains:
  - chardet >=3.0.2,<6
  license: Apache-2.0
  license_family: APACHE
  size: 58723
  timestamp: 1733217126197
- conda: https://conda.anaconda.org/conda-forge/noarch/retrying-1.3.4-pyhd8ed1ab_0.conda
  sha256: ff6c87f47b06725e34a6c7916e13a922090d586df6fd245b6cfd928ac0840dd1
  md5: d9c8cef727d60fa29fd485ce79dd745a
  depends:
  - python >=3.9
  - six >=1.7.0
  license: Apache-2.0
  license_family: Apache
  size: 16568
  timestamp: 1740054061725
- conda: https://conda.anaconda.org/conda-forge/linux-64/scikit-learn-1.6.1-py312h7a48858_0.conda
  sha256: 7c869c73c95ef09edef839448ae3d153c4e3a208fb110c4260225f342d23e08e
  md5: 102727f71df02a51e9e173f2e6f87d57
  depends:
  - __glibc >=2.17,<3.0.a0
  - _openmp_mutex >=4.5
  - joblib >=1.2.0
  - libgcc >=13
  - libstdcxx >=13
  - numpy >=1.19,<3
  - python >=3.12,<3.13.0a0
  - python_abi 3.12.* *_cp312
  - scipy
  - threadpoolctl >=3.1.0
  license: BSD-3-Clause
  license_family: BSD
  size: 10628698
  timestamp: 1736497249999
- conda: https://conda.anaconda.org/conda-forge/linux-64/scipy-1.15.2-py312ha707e6e_0.conda
  sha256: b9faaa024b77a3678a988c5a490f02c4029c0d5903998b585100e05bc7d4ff36
  md5: 00b999c5f9d01fb633db819d79186bd4
  depends:
  - __glibc >=2.17,<3.0.a0
  - libblas >=3.9.0,<4.0a0
  - libcblas >=3.9.0,<4.0a0
  - libgcc >=13
  - libgfortran
  - libgfortran5 >=13.3.0
  - liblapack >=3.9.0,<4.0a0
  - libstdcxx >=13
  - numpy <2.5
  - numpy >=1.19,<3
  - numpy >=1.23.5
  - python >=3.12,<3.13.0a0
  - python_abi 3.12.* *_cp312
  license: BSD-3-Clause
  license_family: BSD
  size: 17064784
  timestamp: 1739791925628
- conda: https://conda.anaconda.org/conda-forge/noarch/setuptools-75.8.2-pyhff2d567_0.conda
  sha256: 91d664ace7c22e787775069418daa9f232ee8bafdd0a6a080a5ed2395a6fa6b2
  md5: 9bddfdbf4e061821a1a443f93223be61
  depends:
  - python >=3.9
  license: MIT
  license_family: MIT
  size: 777736
  timestamp: 1740654030775
- conda: https://conda.anaconda.org/conda-forge/noarch/six-1.17.0-pyhd8ed1ab_0.conda
  sha256: 41db0180680cc67c3fa76544ffd48d6a5679d96f4b71d7498a759e94edc9a2db
  md5: a451d576819089b0d672f18768be0f65
  depends:
  - python >=3.9
  license: MIT
  license_family: MIT
  size: 16385
  timestamp: 1733381032766
- conda: https://conda.anaconda.org/conda-forge/noarch/sortedcontainers-2.4.0-pyhd8ed1ab_1.conda
  sha256: d1e3e06b5cf26093047e63c8cc77b70d970411c5cbc0cb1fad461a8a8df599f7
  md5: 0401a17ae845fa72c7210e206ec5647d
  depends:
  - python >=3.9
  license: Apache-2.0
  license_family: APACHE
  size: 28657
  timestamp: 1738440459037
- conda: https://conda.anaconda.org/conda-forge/noarch/threadpoolctl-3.6.0-pyhecae5ae_0.conda
  sha256: 6016672e0e72c4cf23c0cf7b1986283bd86a9c17e8d319212d78d8e9ae42fdfd
  md5: 9d64911b31d57ca443e9f1e36b04385f
  depends:
  - python >=3.9
  license: BSD-3-Clause
  license_family: BSD
  size: 23869
  timestamp: 1741878358548
- conda: https://conda.anaconda.org/conda-forge/linux-64/tk-8.6.13-noxft_h4845f30_101.conda
  sha256: e0569c9caa68bf476bead1bed3d79650bb080b532c64a4af7d8ca286c08dea4e
  md5: d453b98d9c83e71da0741bb0ff4d76bc
  depends:
  - libgcc-ng >=12
  - libzlib >=1.2.13,<2.0.0a0
  license: TCL
  license_family: BSD
  size: 3318875
  timestamp: 1699202167581
- conda: https://conda.anaconda.org/conda-forge/noarch/tomli-2.2.1-pyhd8ed1ab_1.conda
  sha256: 18636339a79656962723077df9a56c0ac7b8a864329eb8f847ee3d38495b863e
  md5: ac944244f1fed2eb49bae07193ae8215
  depends:
  - python >=3.9
  license: MIT
  license_family: MIT
  size: 19167
  timestamp: 1733256819729
- conda: https://conda.anaconda.org/conda-forge/noarch/trove-classifiers-2025.3.13.13-pyhd8ed1ab_0.conda
  sha256: f4332aecfd16d8b4346ac2814fa8f451976303b96643020578c8a8b20d5f9397
  md5: 381d84cfaa6492e7a358d876edd66dfd
  depends:
  - python >=3.9
  license: Apache-2.0
  license_family: Apache
  size: 18767
  timestamp: 1741887081003
- conda: https://conda.anaconda.org/conda-forge/noarch/typeguard-4.4.2-pyhd8ed1ab_0.conda
  sha256: 0b4dce14a4bbe36e9e2d8637436292ab1fafa608317dd3121e119695e75c4764
  md5: 5a0d90b98099e52389c668ba1c0734a4
  depends:
  - importlib-metadata >=3.6
  - python >=3.9
  - typing-extensions >=4.10.0
  - typing_extensions >=4.10.0
  constrains:
  - pytest >=7
  license: MIT
  license_family: MIT
  size: 35184
  timestamp: 1739732461765
- conda: https://conda.anaconda.org/conda-forge/noarch/typing-extensions-4.12.2-hd8ed1ab_1.conda
  noarch: python
  sha256: c8e9c1c467b5f960b627d7adc1c65fece8e929a3de89967e91ef0f726422fd32
  md5: b6a408c64b78ec7b779a3e5c7a902433
  depends:
  - typing_extensions 4.12.2 pyha770c72_1
  license: PSF-2.0
  license_family: PSF
  size: 10075
  timestamp: 1733188758872
- conda: https://conda.anaconda.org/conda-forge/noarch/typing_extensions-4.12.2-pyha770c72_1.conda
  sha256: 337be7af5af8b2817f115b3b68870208b30c31d3439bec07bfb2d8f4823e3568
  md5: d17f13df8b65464ca316cbc000a3cb64
  depends:
  - python >=3.9
  license: PSF-2.0
  license_family: PSF
  size: 39637
  timestamp: 1733188758212
- conda: https://conda.anaconda.org/conda-forge/noarch/typing_inspect-0.9.0-pyhd8ed1ab_1.conda
  sha256: a3fbdd31b509ff16c7314e8d01c41d9146504df632a360ab30dbc1d3ca79b7c0
  md5: fa31df4d4193aabccaf09ce78a187faf
  depends:
  - mypy_extensions >=0.3.0
  - python >=3.9
  - typing_extensions >=3.7.4
  license: MIT
  license_family: MIT
  size: 14919
  timestamp: 1733845966415
- conda: https://conda.anaconda.org/conda-forge/noarch/tzdata-2025a-h78e105d_0.conda
  sha256: c4b1ae8a2931fe9b274c44af29c5475a85b37693999f8c792dad0f8c6734b1de
  md5: dbcace4706afdfb7eb891f7b37d07c04
  license: LicenseRef-Public-Domain
  size: 122921
  timestamp: 1737119101255
- conda: https://conda.anaconda.org/conda-forge/noarch/urllib3-2.3.0-pyhd8ed1ab_0.conda
  sha256: 114919ffa80c328127dab9c8e7a38f9d563c617691fb81fccb11c1e86763727e
  md5: 32674f8dbfb7b26410ed580dd3c10a29
  depends:
  - brotli-python >=1.0.9
  - h2 >=4,<5
  - pysocks >=1.5.6,<2.0,!=1.5.7
  - python >=3.9
  - zstandard >=0.18.0
  license: MIT
  license_family: MIT
  size: 100102
  timestamp: 1734859520452
- conda: https://conda.anaconda.org/conda-forge/noarch/werkzeug-3.1.3-pyhd8ed1ab_1.conda
  sha256: cd9a603beae0b237be7d9dfae8ae0b36ad62666ac4bb073969bce7da6f55157c
  md5: 0a9b57c159d56b508613cc39022c1b9e
  depends:
  - markupsafe >=2.1.1
  - python >=3.9
  license: BSD-3-Clause
  license_family: BSD
  size: 243546
  timestamp: 1733160561258
- conda: https://conda.anaconda.org/conda-forge/noarch/zipp-3.21.0-pyhd8ed1ab_1.conda
  sha256: 567c04f124525c97a096b65769834b7acb047db24b15a56888a322bf3966c3e1
  md5: 0c3cc595284c5e8f0f9900a9b228a332
  depends:
  - python >=3.9
  license: MIT
  license_family: MIT
  size: 21809
  timestamp: 1732827613585
- conda: https://conda.anaconda.org/conda-forge/linux-64/zstandard-0.23.0-py312h66e93f0_1.conda
  sha256: b4fd6bd1cb87a183a8bbe85b4e87a1e7c51473309d0d82cd88d38fb021bcf41e
  md5: d28b82fcc8d1b462b595af4b15a6cdcf
  depends:
  - __glibc >=2.17,<3.0.a0
  - cffi >=1.11
  - libgcc >=13
  - python >=3.12,<3.13.0a0
  - python_abi 3.12.* *_cp312
  license: BSD-3-Clause
  license_family: BSD
  size: 731658
  timestamp: 1741853415477
